
Microsoft Visual Studio Solution File, Format Version 12.00
# Visual Studio Version 16
VisualStudioVersion = 16.0.28803.452
MinimumVisualStudioVersion = 10.0.40219.1
Project("{9A19103F-16F7-4668-BE54-9A1E7A4F7556}") = "HomeProject.Backend.Models", "HomeProject.Backend.Models\HomeProject.Backend.Models.csproj", "{DADEC976-B52E-420B-80C1-109D46284AFE}"
EndProject
Project("{9A19103F-16F7-4668-BE54-9A1E7A4F7556}") = "HomeProject.Backend.Server", "HomeProject.Backend.Server\HomeProject.Backend.Server.csproj", "{1E8A2EA1-E6C7-462A-8886-A98B348CEEEF}"
EndProject
Project("{FAE04EC0-301F-11D3-BF4B-00C04F79EFBC}") = "HomeDemo.Backend.Common", "HomeDemo.Backend.Common\HomeDemo.Backend.Common.csproj", "{1C854BF6-89BC-4456-A75B-297B82CA2BE8}"
EndProject
Global
	GlobalSection(SolutionConfigurationPlatforms) = preSolution
		Debug|Any CPU = Debug|Any CPU
		Release|Any CPU = Release|Any CPU
	EndGlobalSection
	GlobalSection(ProjectConfigurationPlatforms) = postSolution
		{DADEC976-B52E-420B-80C1-109D46284AFE}.Debug|Any CPU.ActiveCfg = Debug|Any CPU
		{DADEC976-B52E-420B-80C1-109D46284AFE}.Debug|Any CPU.Build.0 = Debug|Any CPU
		{DADEC976-B52E-420B-80C1-109D46284AFE}.Release|Any CPU.ActiveCfg = Release|Any CPU
		{DADEC976-B52E-420B-80C1-109D46284AFE}.Release|Any CPU.Build.0 = Release|Any CPU
		{1E8A2EA1-E6C7-462A-8886-A98B348CEEEF}.Debug|Any CPU.ActiveCfg = Debug|Any CPU
		{1E8A2EA1-E6C7-462A-8886-A98B348CEEEF}.Debug|Any CPU.Build.0 = Debug|Any CPU
		{1E8A2EA1-E6C7-462A-8886-A98B348CEEEF}.Release|Any CPU.ActiveCfg = Release|Any CPU
		{1E8A2EA1-E6C7-462A-8886-A98B348CEEEF}.Release|Any CPU.Build.0 = Release|Any CPU
		{1C854BF6-89BC-4456-A75B-297B82CA2BE8}.Debug|Any CPU.ActiveCfg = Debug|Any CPU
		{1C854BF6-89BC-4456-A75B-297B82CA2BE8}.Debug|Any CPU.Build.0 = Debug|Any CPU
		{1C854BF6-89BC-4456-A75B-297B82CA2BE8}.Release|Any CPU.ActiveCfg = Release|Any CPU
		{1C854BF6-89BC-4456-A75B-297B82CA2BE8}.Release|Any CPU.Build.0 = Release|Any CPU
	EndGlobalSection
	GlobalSection(SolutionProperties) = preSolution
		HideSolutionNode = FALSE
	EndGlobalSection
	GlobalSection(ExtensibilityGlobals) = postSolution
		SolutionGuid = {436B6B4E-265D-481D-AB1B-624CE86B12DF}
	EndGlobalSection
EndGlobal
