
Microsoft Visual Studio Solution File, Format Version 12.00
# Visual Studio Version 16
VisualStudioVersion = 16.0.28803.452
MinimumVisualStudioVersion = 10.0.40219.1
Project("{FAE04EC0-301F-11D3-BF4B-00C04F79EFBC}") = "HomeProject.Backend.Server", "HomeProject.Backend\HomeProject.Backend.Server.csproj", "{A014DCED-3D1A-449C-A3DA-3F8F0A2519FB}"
EndProject
Project("{FAE04EC0-301F-11D3-BF4B-00C04F79EFBC}") = "HomeProject.Backend.Models", "HomeProject.Backend.Models\HomeProject.Backend.Models.csproj", "{DADEC976-B52E-420B-80C1-109D46284AFE}"
EndProject
Global
	GlobalSection(SolutionConfigurationPlatforms) = preSolution
		Debug|Any CPU = Debug|Any CPU
		Release|Any CPU = Release|Any CPU
	EndGlobalSection
	GlobalSection(ProjectConfigurationPlatforms) = postSolution
		{A014DCED-3D1A-449C-A3DA-3F8F0A2519FB}.Debug|Any CPU.ActiveCfg = Debug|Any CPU
		{A014DCED-3D1A-449C-A3DA-3F8F0A2519FB}.Debug|Any CPU.Build.0 = Debug|Any CPU
		{A014DCED-3D1A-449C-A3DA-3F8F0A2519FB}.Release|Any CPU.ActiveCfg = Release|Any CPU
		{A014DCED-3D1A-449C-A3DA-3F8F0A2519FB}.Release|Any CPU.Build.0 = Release|Any CPU
		{DADEC976-B52E-420B-80C1-109D46284AFE}.Debug|Any CPU.ActiveCfg = Debug|Any CPU
		{DADEC976-B52E-420B-80C1-109D46284AFE}.Debug|Any CPU.Build.0 = Debug|Any CPU
		{DADEC976-B52E-420B-80C1-109D46284AFE}.Release|Any CPU.ActiveCfg = Release|Any CPU
		{DADEC976-B52E-420B-80C1-109D46284AFE}.Release|Any CPU.Build.0 = Release|Any CPU
	EndGlobalSection
	GlobalSection(SolutionProperties) = preSolution
		HideSolutionNode = FALSE
	EndGlobalSection
	GlobalSection(ExtensibilityGlobals) = postSolution
		SolutionGuid = {436B6B4E-265D-481D-AB1B-624CE86B12DF}
	EndGlobalSection
EndGlobal
